{
  "originHash" : "02fd5108e9c4c9ded32a5cf412361ec1972e68cbf7022b02de05c28b66933297",
  "pins" : [
    {
      "identity" : "adfoundation",
      "kind" : "remoteSourceControl",
      "location" : "https://github.com/g-cqd/ADFoundation.git",
      "state" : {
        "branch" : "main",
        "revision" : "062d93ced7c742ab9a05dbc841d508770291edbc"
      }
    },
    {
      "identity" : "adjson",
      "kind" : "remoteSourceControl",
      "location" : "https://github.com/g-cqd/ADJSON.git",
      "state" : {
        "branch" : "main",
        "revision" : "1d7fb25c0175f6ff42676dbdd1f104ad29ed8348"
      }
    },
    {
      "identity" : "adsql",
      "kind" : "remoteSourceControl",
      "location" : "https://github.com/g-cqd/ADSQL.git",
      "state" : {
        "branch" : "main",
        "revision" : "4568630a929a8bd2f4889dac941c3a5f1f989baf"
      }
    },
    {
      "identity" : "swift-collections",
      "kind" : "remoteSourceControl",
      "location" : "https://github.com/apple/swift-collections.git",
      "state" : {
        "revision" : "a0cb0954ecb21e4e31b0070e6ed5674e8556685a",
        "version" : "1.6.0"
      }
    },
    {
      "identity" : "swift-syntax",
      "kind" : "remoteSourceControl",
      "location" : "https://github.com/swiftlang/swift-syntax.git",
      "state" : {
        "revision" : "79e4b74a295b6eb74a8b585e3a39d29e70c1dbd1",
        "version" : "603.0.2"
      }
    },
    {
      "identity" : "swift-system",
      "kind" : "remoteSourceControl",
      "location" : "https://github.com/apple/swift-system.git",
      "state" : {
        "revision" : "7502b711c92a17741fa625d722b0ccbd595d8ed1",
        "version" : "1.7.2"
      }
    }
  ],
  "version" : 3
}
