{
  "originHash" : "74b43a7e442e28676656b68f6b5ae5837a9d40629dd4f8052bc8ad52723400a5",
  "pins" : [
    {
      "identity" : "adjson",
      "kind" : "remoteSourceControl",
      "location" : "https://github.com/g-cqd/ADJSON.git",
      "state" : {
        "revision" : "82d516584d72a404b5fef0d6b0ccd295e139f156"
      }
    },
    {
      "identity" : "swift-collections",
      "kind" : "remoteSourceControl",
      "location" : "https://github.com/apple/swift-collections.git",
      "state" : {
        "revision" : "a0cb0954ecb21e4e31b0070e6ed5674e8556685a",
        "version" : "1.6.0"
      }
    },
    {
      "identity" : "swift-syntax",
      "kind" : "remoteSourceControl",
      "location" : "https://github.com/swiftlang/swift-syntax.git",
      "state" : {
        "revision" : "79e4b74a295b6eb74a8b585e3a39d29e70c1dbd1",
        "version" : "603.0.2"
      }
    }
  ],
  "version" : 3
}
